
Microsoft Visual Studio Solution File, Format Version 12.00
# Visual Studio Version 17
VisualStudioVersion = 17.10.35013.160
MinimumVisualStudioVersion = 10.0.40219.1
Project("{FAE04EC0-301F-11D3-BF4B-00C04F79EFBC}") = "To-Do List", "To-Do List\To-Do List.csproj", "{B6BA8C9E-F50C-4FC1-BE1D-1E1EF44CE253}"
EndProject
Global
	GlobalSection(SolutionConfigurationPlatforms) = preSolution
		Debug|Any CPU = Debug|Any CPU
		Release|Any CPU = Release|Any CPU
	EndGlobalSection
	GlobalSection(ProjectConfigurationPlatforms) = postSolution
		{B6BA8C9E-F50C-4FC1-BE1D-1E1EF44CE253}.Debug|Any CPU.ActiveCfg = Debug|Any CPU
		{B6BA8C9E-F50C-4FC1-BE1D-1E1EF44CE253}.Debug|Any CPU.Build.0 = Debug|Any CPU
		{B6BA8C9E-F50C-4FC1-BE1D-1E1EF44CE253}.Release|Any CPU.ActiveCfg = Release|Any CPU
		{B6BA8C9E-F50C-4FC1-BE1D-1E1EF44CE253}.Release|Any CPU.Build.0 = Release|Any CPU
	EndGlobalSection
	GlobalSection(SolutionProperties) = preSolution
		HideSolutionNode = FALSE
	EndGlobalSection
	GlobalSection(ExtensibilityGlobals) = postSolution
		SolutionGuid = {54C1AEFF-3BF6-4859-A303-4F18C57C46B8}
	EndGlobalSection
EndGlobal
